
Microsoft Visual Studio Solution File, Format Version 12.00
# Visual Studio Version 17
VisualStudioVersion = 17.7.34031.279
MinimumVisualStudioVersion = 10.0.40219.1
Project("{FAE04EC0-301F-11D3-BF4B-00C04F79EFBC}") = "ThunderLINQ-MAUI", "ThunderLINQ-MAUI\ThunderLINQ-MAUI.csproj", "{12749AA9-94DB-4D69-86E9-6EF76A7DE106}"
EndProject
Global
	GlobalSection(SolutionConfigurationPlatforms) = preSolution
		Debug|Any CPU = Debug|Any CPU
		Release|Any CPU = Release|Any CPU
	EndGlobalSection
	GlobalSection(ProjectConfigurationPlatforms) = postSolution
		{12749AA9-94DB-4D69-86E9-6EF76A7DE106}.Debug|Any CPU.ActiveCfg = Debug|Any CPU
		{12749AA9-94DB-4D69-86E9-6EF76A7DE106}.Debug|Any CPU.Build.0 = Debug|Any CPU
		{12749AA9-94DB-4D69-86E9-6EF76A7DE106}.Debug|Any CPU.Deploy.0 = Debug|Any CPU
		{12749AA9-94DB-4D69-86E9-6EF76A7DE106}.Release|Any CPU.ActiveCfg = Release|Any CPU
		{12749AA9-94DB-4D69-86E9-6EF76A7DE106}.Release|Any CPU.Build.0 = Release|Any CPU
		{12749AA9-94DB-4D69-86E9-6EF76A7DE106}.Release|Any CPU.Deploy.0 = Release|Any CPU
	EndGlobalSection
	GlobalSection(SolutionProperties) = preSolution
		HideSolutionNode = FALSE
	EndGlobalSection
	GlobalSection(ExtensibilityGlobals) = postSolution
		SolutionGuid = {DBFCA2A7-70C3-4E87-AB22-CC1AD28C4F9C}
	EndGlobalSection
EndGlobal
